// !$*UTF8*$!
{
	archiveVersion = 1;
	classes = {
	};
	objectVersion = 56;
	objects = {

/* Begin PBXBuildFile section */
		2C080DE82B1FB95C00D14CF2 /* SheetContentScrollView.swift in Sources */ = {isa = PBXBuildFile; fileRef = 2C080DE72B1FB95C00D14CF2 /* SheetContentScrollView.swift */; };
		2C080DEA2B1FBDDA00D14CF2 /* SheetCellRange.swift in Sources */ = {isa = PBXBuildFile; fileRef = 2C080DE92B1FBDDA00D14CF2 /* SheetCellRange.swift */; };
		2C73BC662B1A7D5900CE2EE0 /* SheetSelection.swift in Sources */ = {isa = PBXBuildFile; fileRef = 2C73BC652B1A7D5900CE2EE0 /* SheetSelection.swift */; };
		2C73BC682B1A7E1800CE2EE0 /* SheetViewDelegate.swift in Sources */ = {isa = PBXBuildFile; fileRef = 2C73BC672B1A7E1800CE2EE0 /* SheetViewDelegate.swift */; };
		2C73BC6A2B1A94B800CE2EE0 /* SheetSelectionMode.swift in Sources */ = {isa = PBXBuildFile; fileRef = 2C73BC692B1A94B800CE2EE0 /* SheetSelectionMode.swift */; };
		2CCD16F02B1868730041929F /* AppDelegate.swift in Sources */ = {isa = PBXBuildFile; fileRef = 2CCD16EF2B1868730041929F /* AppDelegate.swift */; };
		2CCD16F22B1868730041929F /* SceneDelegate.swift in Sources */ = {isa = PBXBuildFile; fileRef = 2CCD16F12B1868730041929F /* SceneDelegate.swift */; };
		2CCD16F42B1868730041929F /* ViewController.swift in Sources */ = {isa = PBXBuildFile; fileRef = 2CCD16F32B1868730041929F /* ViewController.swift */; };
		2CCD16F72B1868730041929F /* Main.storyboard in Resources */ = {isa = PBXBuildFile; fileRef = 2CCD16F52B1868730041929F /* Main.storyboard */; };
		2CCD16F92B1868740041929F /* Assets.xcassets in Resources */ = {isa = PBXBuildFile; fileRef = 2CCD16F82B1868740041929F /* Assets.xcassets */; };
		2CCD16FC2B1868740041929F /* LaunchScreen.storyboard in Resources */ = {isa = PBXBuildFile; fileRef = 2CCD16FA2B1868740041929F /* LaunchScreen.storyboard */; };
		2CCD17042B1868820041929F /* SheetView.swift in Sources */ = {isa = PBXBuildFile; fileRef = 2CCD17032B1868820041929F /* SheetView.swift */; };
		2CCD17072B186B030041929F /* SheetScrollView.swift in Sources */ = {isa = PBXBuildFile; fileRef = 2CCD17062B186B030041929F /* SheetScrollView.swift */; };
		2CCD17092B186B280041929F /* SheetIndex.swift in Sources */ = {isa = PBXBuildFile; fileRef = 2CCD17082B186B280041929F /* SheetIndex.swift */; };
		2CCD170B2B186E5D0041929F /* SheetDataSource.swift in Sources */ = {isa = PBXBuildFile; fileRef = 2CCD170A2B186E5D0041929F /* SheetDataSource.swift */; };
		2CCD170F2B187D7A0041929F /* SheetViewCell.swift in Sources */ = {isa = PBXBuildFile; fileRef = 2CCD170E2B187D7A0041929F /* SheetViewCell.swift */; };
		2CCD17132B1943CF0041929F /* SheetViewTextCell.swift in Sources */ = {isa = PBXBuildFile; fileRef = 2CCD17122B1943CF0041929F /* SheetViewTextCell.swift */; };
		2CF652A12B1BC278009E95DC /* SheetViewCellQueue.swift in Sources */ = {isa = PBXBuildFile; fileRef = 2CF652A02B1BC278009E95DC /* SheetViewCellQueue.swift */; };
		2CF652A32B1CD6DF009E95DC /* SheetFixedHorizontalScrollView.swift in Sources */ = {isa = PBXBuildFile; fileRef = 2CF652A22B1CD6DF009E95DC /* SheetFixedHorizontalScrollView.swift */; };
/* End PBXBuildFile section */

/* Begin PBXFileReference section */
		2C080DE72B1FB95C00D14CF2 /* SheetContentScrollView.swift */ = {isa = PBXFileReference; lastKnownFileType = sourcecode.swift; path = SheetContentScrollView.swift; sourceTree = "<group>"; };
		2C080DE92B1FBDDA00D14CF2 /* SheetCellRange.swift */ = {isa = PBXFileReference; lastKnownFileType = sourcecode.swift; path = SheetCellRange.swift; sourceTree = "<group>"; };
		2C73BC652B1A7D5900CE2EE0 /* SheetSelection.swift */ = {isa = PBXFileReference; lastKnownFileType = sourcecode.swift; path = SheetSelection.swift; sourceTree = "<group>"; };
		2C73BC672B1A7E1800CE2EE0 /* SheetViewDelegate.swift */ = {isa = PBXFileReference; lastKnownFileType = sourcecode.swift; path = SheetViewDelegate.swift; sourceTree = "<group>"; };
		2C73BC692B1A94B800CE2EE0 /* SheetSelectionMode.swift */ = {isa = PBXFileReference; lastKnownFileType = sourcecode.swift; path = SheetSelectionMode.swift; sourceTree = "<group>"; };
		2CCD16EC2B1868730041929F /* Spreadsheet.app */ = {isa = PBXFileReference; explicitFileType = wrapper.application; includeInIndex = 0; path = Spreadsheet.app; sourceTree = BUILT_PRODUCTS_DIR; };
		2CCD16EF2B1868730041929F /* AppDelegate.swift */ = {isa = PBXFileReference; lastKnownFileType = sourcecode.swift; path = AppDelegate.swift; sourceTree = "<group>"; };
		2CCD16F12B1868730041929F /* SceneDelegate.swift */ = {isa = PBXFileReference; lastKnownFileType = sourcecode.swift; path = SceneDelegate.swift; sourceTree = "<group>"; };
		2CCD16F32B1868730041929F /* ViewController.swift */ = {isa = PBXFileReference; lastKnownFileType = sourcecode.swift; path = ViewController.swift; sourceTree = "<group>"; };
		2CCD16F62B1868730041929F /* Base */ = {isa = PBXFileReference; lastKnownFileType = file.storyboard; name = Base; path = Base.lproj/Main.storyboard; sourceTree = "<group>"; };
		2CCD16F82B1868740041929F /* Assets.xcassets */ = {isa = PBXFileReference; lastKnownFileType = folder.assetcatalog; path = Assets.xcassets; sourceTree = "<group>"; };
		2CCD16FB2B1868740041929F /* Base */ = {isa = PBXFileReference; lastKnownFileType = file.storyboard; name = Base; path = Base.lproj/LaunchScreen.storyboard; sourceTree = "<group>"; };
		2CCD16FD2B1868740041929F /* Info.plist */ = {isa = PBXFileReference; lastKnownFileType = text.plist.xml; path = Info.plist; sourceTree = "<group>"; };
		2CCD17032B1868820041929F /* SheetView.swift */ = {isa = PBXFileReference; lastKnownFileType = sourcecode.swift; path = SheetView.swift; sourceTree = "<group>"; };
		2CCD17052B1869DA0041929F /* Spreadsheet.entitlements */ = {isa = PBXFileReference; lastKnownFileType = text.plist.entitlements; path = Spreadsheet.entitlements; sourceTree = "<group>"; };
		2CCD17062B186B030041929F /* SheetScrollView.swift */ = {isa = PBXFileReference; lastKnownFileType = sourcecode.swift; path = SheetScrollView.swift; sourceTree = "<group>"; };
		2CCD17082B186B280041929F /* SheetIndex.swift */ = {isa = PBXFileReference; lastKnownFileType = sourcecode.swift; path = SheetIndex.swift; sourceTree = "<group>"; };
		2CCD170A2B186E5D0041929F /* SheetDataSource.swift */ = {isa = PBXFileReference; lastKnownFileType = sourcecode.swift; path = SheetDataSource.swift; sourceTree = "<group>"; };
		2CCD170E2B187D7A0041929F /* SheetViewCell.swift */ = {isa = PBXFileReference; lastKnownFileType = sourcecode.swift; path = SheetViewCell.swift; sourceTree = "<group>"; };
		2CCD17122B1943CF0041929F /* SheetViewTextCell.swift */ = {isa = PBXFileReference; lastKnownFileType = sourcecode.swift; path = SheetViewTextCell.swift; sourceTree = "<group>"; };
		2CF652A02B1BC278009E95DC /* SheetViewCellQueue.swift */ = {isa = PBXFileReference; lastKnownFileType = sourcecode.swift; path = SheetViewCellQueue.swift; sourceTree = "<group>"; };
		2CF652A22B1CD6DF009E95DC /* SheetFixedHorizontalScrollView.swift */ = {isa = PBXFileReference; lastKnownFileType = sourcecode.swift; path = SheetFixedHorizontalScrollView.swift; sourceTree = "<group>"; };
/* End PBXFileReference section */

/* Begin PBXFrameworksBuildPhase section */
		2CCD16E92B1868730041929F /* Frameworks */ = {
			isa = PBXFrameworksBuildPhase;
			buildActionMask = 2147483647;
			files = (
			);
			runOnlyForDeploymentPostprocessing = 0;
		};
/* End PBXFrameworksBuildPhase section */

/* Begin PBXGroup section */
		2CCD16E32B1868730041929F = {
			isa = PBXGroup;
			children = (
				2CCD16ED2B1868730041929F /* Products */,
				2CCD16EE2B1868730041929F /* Spreadsheet */,
			);
			sourceTree = "<group>";
		};
		2CCD16ED2B1868730041929F /* Products */ = {
			isa = PBXGroup;
			children = (
				2CCD16EC2B1868730041929F /* Spreadsheet.app */,
			);
			name = Products;
			sourceTree = "<group>";
		};
		2CCD16EE2B1868730041929F /* Spreadsheet */ = {
			isa = PBXGroup;
			children = (
				2CCD16EF2B1868730041929F /* AppDelegate.swift */,
				2CCD16F82B1868740041929F /* Assets.xcassets */,
				2CCD16FD2B1868740041929F /* Info.plist */,
				2CCD16FA2B1868740041929F /* LaunchScreen.storyboard */,
				2CCD16F52B1868730041929F /* Main.storyboard */,
				2CCD16F12B1868730041929F /* SceneDelegate.swift */,
				2C080DE92B1FBDDA00D14CF2 /* SheetCellRange.swift */,
				2CCD170A2B186E5D0041929F /* SheetDataSource.swift */,
				2CCD17082B186B280041929F /* SheetIndex.swift */,
				2CF652A42B1CDAEC009E95DC /* SheetScrollView */,
				2C73BC652B1A7D5900CE2EE0 /* SheetSelection.swift */,
				2C73BC692B1A94B800CE2EE0 /* SheetSelectionMode.swift */,
				2CCD17032B1868820041929F /* SheetView.swift */,
				2CCD17112B1943B20041929F /* SheetViewCell */,
				2CF652A02B1BC278009E95DC /* SheetViewCellQueue.swift */,
				2C73BC672B1A7E1800CE2EE0 /* SheetViewDelegate.swift */,
				2CCD17052B1869DA0041929F /* Spreadsheet.entitlements */,
				2CCD16F32B1868730041929F /* ViewController.swift */,
			);
			path = Spreadsheet;
			sourceTree = "<group>";
		};
		2CCD17112B1943B20041929F /* SheetViewCell */ = {
			isa = PBXGroup;
			children = (
				2CCD170E2B187D7A0041929F /* SheetViewCell.swift */,
				2CCD17122B1943CF0041929F /* SheetViewTextCell.swift */,
			);
			path = SheetViewCell;
			sourceTree = "<group>";
		};
		2CF652A42B1CDAEC009E95DC /* SheetScrollView */ = {
			isa = PBXGroup;
			children = (
				2C080DE72B1FB95C00D14CF2 /* SheetContentScrollView.swift */,
				2CF652A22B1CD6DF009E95DC /* SheetFixedHorizontalScrollView.swift */,
				2CCD17062B186B030041929F /* SheetScrollView.swift */,
			);
			path = SheetScrollView;
			sourceTree = "<group>";
		};
/* End PBXGroup section */

/* Begin PBXNativeTarget section */
		2CCD16EB2B1868730041929F /* Spreadsheet */ = {
			isa = PBXNativeTarget;
			buildConfigurationList = 2CCD17002B1868740041929F /* Build configuration list for PBXNativeTarget "Spreadsheet" */;
			buildPhases = (
				2CCD16E82B1868730041929F /* Sources */,
				2CCD16E92B1868730041929F /* Frameworks */,
				2CCD16EA2B1868730041929F /* Resources */,
			);
			buildRules = (
			);
			dependencies = (
			);
			name = Spreadsheet;
			productName = Spreadsheet;
			productReference = 2CCD16EC2B1868730041929F /* Spreadsheet.app */;
			productType = "com.apple.product-type.application";
		};
/* End PBXNativeTarget section */

/* Begin PBXProject section */
		2CCD16E42B1868730041929F /* Project object */ = {
			isa = PBXProject;
			attributes = {
				BuildIndependentTargetsInParallel = 1;
				LastSwiftUpdateCheck = 1430;
				LastUpgradeCheck = 1430;
				TargetAttributes = {
					2CCD16EB2B1868730041929F = {
						CreatedOnToolsVersion = 14.3.1;
					};
				};
			};
			buildConfigurationList = 2CCD16E72B1868730041929F /* Build configuration list for PBXProject "Spreadsheet" */;
			compatibilityVersion = "Xcode 14.0";
			developmentRegion = en;
			hasScannedForEncodings = 0;
			knownRegions = (
				en,
				Base,
			);
			mainGroup = 2CCD16E32B1868730041929F;
			productRefGroup = 2CCD16ED2B1868730041929F /* Products */;
			projectDirPath = "";
			projectRoot = "";
			targets = (
				2CCD16EB2B1868730041929F /* Spreadsheet */,
			);
		};
/* End PBXProject section */

/* Begin PBXResourcesBuildPhase section */
		2CCD16EA2B1868730041929F /* Resources */ = {
			isa = PBXResourcesBuildPhase;
			buildActionMask = 2147483647;
			files = (
				2CCD16FC2B1868740041929F /* LaunchScreen.storyboard in Resources */,
				2CCD16F92B1868740041929F /* Assets.xcassets in Resources */,
				2CCD16F72B1868730041929F /* Main.storyboard in Resources */,
			);
			runOnlyForDeploymentPostprocessing = 0;
		};
/* End PBXResourcesBuildPhase section */

/* Begin PBXSourcesBuildPhase section */
		2CCD16E82B1868730041929F /* Sources */ = {
			isa = PBXSourcesBuildPhase;
			buildActionMask = 2147483647;
			files = (
				2CCD17042B1868820041929F /* SheetView.swift in Sources */,
				2CCD16F42B1868730041929F /* ViewController.swift in Sources */,
				2CCD16F02B1868730041929F /* AppDelegate.swift in Sources */,
				2CCD170F2B187D7A0041929F /* SheetViewCell.swift in Sources */,
				2C080DE82B1FB95C00D14CF2 /* SheetContentScrollView.swift in Sources */,
				2C080DEA2B1FBDDA00D14CF2 /* SheetCellRange.swift in Sources */,
				2CCD17132B1943CF0041929F /* SheetViewTextCell.swift in Sources */,
				2CF652A32B1CD6DF009E95DC /* SheetFixedHorizontalScrollView.swift in Sources */,
				2CCD16F22B1868730041929F /* SceneDelegate.swift in Sources */,
				2CCD17072B186B030041929F /* SheetScrollView.swift in Sources */,
				2C73BC6A2B1A94B800CE2EE0 /* SheetSelectionMode.swift in Sources */,
				2CCD170B2B186E5D0041929F /* SheetDataSource.swift in Sources */,
				2C73BC662B1A7D5900CE2EE0 /* SheetSelection.swift in Sources */,
				2C73BC682B1A7E1800CE2EE0 /* SheetViewDelegate.swift in Sources */,
				2CF652A12B1BC278009E95DC /* SheetViewCellQueue.swift in Sources */,
				2CCD17092B186B280041929F /* SheetIndex.swift in Sources */,
			);
			runOnlyForDeploymentPostprocessing = 0;
		};
/* End PBXSourcesBuildPhase section */

/* Begin PBXVariantGroup section */
		2CCD16F52B1868730041929F /* Main.storyboard */ = {
			isa = PBXVariantGroup;
			children = (
				2CCD16F62B1868730041929F /* Base */,
			);
			name = Main.storyboard;
			sourceTree = "<group>";
		};
		2CCD16FA2B1868740041929F /* LaunchScreen.storyboard */ = {
			isa = PBXVariantGroup;
			children = (
				2CCD16FB2B1868740041929F /* Base */,
			);
			name = LaunchScreen.storyboard;
			sourceTree = "<group>";
		};
/* End PBXVariantGroup section */

/* Begin XCBuildConfiguration section */
		2CCD16FE2B1868740041929F /* Debug */ = {
			isa = XCBuildConfiguration;
			buildSettings = {
				ALWAYS_SEARCH_USER_PATHS = NO;
				CLANG_ANALYZER_NONNULL = YES;
				CLANG_ANALYZER_NUMBER_OBJECT_CONVERSION = YES_AGGRESSIVE;
				CLANG_CXX_LANGUAGE_STANDARD = "gnu++20";
				CLANG_ENABLE_MODULES = YES;
				CLANG_ENABLE_OBJC_ARC = YES;
				CLANG_ENABLE_OBJC_WEAK = YES;
				CLANG_WARN_BLOCK_CAPTURE_AUTORELEASING = YES;
				CLANG_WARN_BOOL_CONVERSION = YES;
				CLANG_WARN_COMMA = YES;
				CLANG_WARN_CONSTANT_CONVERSION = YES;
				CLANG_WARN_DEPRECATED_OBJC_IMPLEMENTATIONS = YES;
				CLANG_WARN_DIRECT_OBJC_ISA_USAGE = YES_ERROR;
				CLANG_WARN_DOCUMENTATION_COMMENTS = YES;
				CLANG_WARN_EMPTY_BODY = YES;
				CLANG_WARN_ENUM_CONVERSION = YES;
				CLANG_WARN_INFINITE_RECURSION = YES;
				CLANG_WARN_INT_CONVERSION = YES;
				CLANG_WARN_NON_LITERAL_NULL_CONVERSION = YES;
				CLANG_WARN_OBJC_IMPLICIT_RETAIN_SELF = YES;
				CLANG_WARN_OBJC_LITERAL_CONVERSION = YES;
				CLANG_WARN_OBJC_ROOT_CLASS = YES_ERROR;
				CLANG_WARN_QUOTED_INCLUDE_IN_FRAMEWORK_HEADER = YES;
				CLANG_WARN_RANGE_LOOP_ANALYSIS = YES;
				CLANG_WARN_STRICT_PROTOTYPES = YES;
				CLANG_WARN_SUSPICIOUS_MOVE = YES;
				CLANG_WARN_UNGUARDED_AVAILABILITY = YES_AGGRESSIVE;
				CLANG_WARN_UNREACHABLE_CODE = YES;
				CLANG_WARN__DUPLICATE_METHOD_MATCH = YES;
				COPY_PHASE_STRIP = NO;
				DEBUG_INFORMATION_FORMAT = dwarf;
				ENABLE_STRICT_OBJC_MSGSEND = YES;
				ENABLE_TESTABILITY = YES;
				GCC_C_LANGUAGE_STANDARD = gnu11;
				GCC_DYNAMIC_NO_PIC = NO;
				GCC_NO_COMMON_BLOCKS = YES;
				GCC_OPTIMIZATION_LEVEL = 0;
				GCC_PREPROCESSOR_DEFINITIONS = (
					"DEBUG=1",
					"$(inherited)",
				);
				GCC_WARN_64_TO_32_BIT_CONVERSION = YES;
				GCC_WARN_ABOUT_RETURN_TYPE = YES_ERROR;
				GCC_WARN_UNDECLARED_SELECTOR = YES;
				GCC_WARN_UNINITIALIZED_AUTOS = YES_AGGRESSIVE;
				GCC_WARN_UNUSED_FUNCTION = YES;
				GCC_WARN_UNUSED_VARIABLE = YES;
				IPHONEOS_DEPLOYMENT_TARGET = 16.4;
				MTL_ENABLE_DEBUG_INFO = INCLUDE_SOURCE;
				MTL_FAST_MATH = YES;
				ONLY_ACTIVE_ARCH = YES;
				SDKROOT = iphoneos;
				SWIFT_ACTIVE_COMPILATION_CONDITIONS = DEBUG;
				SWIFT_OPTIMIZATION_LEVEL = "-Onone";
			};
			name = Debug;
		};
		2CCD16FF2B1868740041929F /* Release */ = {
			isa = XCBuildConfiguration;
			buildSettings = {
				ALWAYS_SEARCH_USER_PATHS = NO;
				CLANG_ANALYZER_NONNULL = YES;
				CLANG_ANALYZER_NUMBER_OBJECT_CONVERSION = YES_AGGRESSIVE;
				CLANG_CXX_LANGUAGE_STANDARD = "gnu++20";
				CLANG_ENABLE_MODULES = YES;
				CLANG_ENABLE_OBJC_ARC = YES;
				CLANG_ENABLE_OBJC_WEAK = YES;
				CLANG_WARN_BLOCK_CAPTURE_AUTORELEASING = YES;
				CLANG_WARN_BOOL_CONVERSION = YES;
				CLANG_WARN_COMMA = YES;
				CLANG_WARN_CONSTANT_CONVERSION = YES;
				CLANG_WARN_DEPRECATED_OBJC_IMPLEMENTATIONS = YES;
				CLANG_WARN_DIRECT_OBJC_ISA_USAGE = YES_ERROR;
				CLANG_WARN_DOCUMENTATION_COMMENTS = YES;
				CLANG_WARN_EMPTY_BODY = YES;
				CLANG_WARN_ENUM_CONVERSION = YES;
				CLANG_WARN_INFINITE_RECURSION = YES;
				CLANG_WARN_INT_CONVERSION = YES;
				CLANG_WARN_NON_LITERAL_NULL_CONVERSION = YES;
				CLANG_WARN_OBJC_IMPLICIT_RETAIN_SELF = YES;
				CLANG_WARN_OBJC_LITERAL_CONVERSION = YES;
				CLANG_WARN_OBJC_ROOT_CLASS = YES_ERROR;
				CLANG_WARN_QUOTED_INCLUDE_IN_FRAMEWORK_HEADER = YES;
				CLANG_WARN_RANGE_LOOP_ANALYSIS = YES;
				CLANG_WARN_STRICT_PROTOTYPES = YES;
				CLANG_WARN_SUSPICIOUS_MOVE = YES;
				CLANG_WARN_UNGUARDED_AVAILABILITY = YES_AGGRESSIVE;
				CLANG_WARN_UNREACHABLE_CODE = YES;
				CLANG_WARN__DUPLICATE_METHOD_MATCH = YES;
				COPY_PHASE_STRIP = NO;
				DEBUG_INFORMATION_FORMAT = "dwarf-with-dsym";
				ENABLE_NS_ASSERTIONS = NO;
				ENABLE_STRICT_OBJC_MSGSEND = YES;
				GCC_C_LANGUAGE_STANDARD = gnu11;
				GCC_NO_COMMON_BLOCKS = YES;
				GCC_WARN_64_TO_32_BIT_CONVERSION = YES;
				GCC_WARN_ABOUT_RETURN_TYPE = YES_ERROR;
				GCC_WARN_UNDECLARED_SELECTOR = YES;
				GCC_WARN_UNINITIALIZED_AUTOS = YES_AGGRESSIVE;
				GCC_WARN_UNUSED_FUNCTION = YES;
				GCC_WARN_UNUSED_VARIABLE = YES;
				IPHONEOS_DEPLOYMENT_TARGET = 16.4;
				MTL_ENABLE_DEBUG_INFO = NO;
				MTL_FAST_MATH = YES;
				SDKROOT = iphoneos;
				SWIFT_COMPILATION_MODE = wholemodule;
				SWIFT_OPTIMIZATION_LEVEL = "-O";
				VALIDATE_PRODUCT = YES;
			};
			name = Release;
		};
		2CCD17012B1868740041929F /* Debug */ = {
			isa = XCBuildConfiguration;
			buildSettings = {
				ASSETCATALOG_COMPILER_APPICON_NAME = AppIcon;
				ASSETCATALOG_COMPILER_GLOBAL_ACCENT_COLOR_NAME = AccentColor;
				CODE_SIGN_ENTITLEMENTS = Spreadsheet/Spreadsheet.entitlements;
				CODE_SIGN_STYLE = Automatic;
				CURRENT_PROJECT_VERSION = 1;
				DEVELOPMENT_TEAM = ZJSZZS49UL;
				GENERATE_INFOPLIST_FILE = YES;
				INFOPLIST_FILE = Spreadsheet/Info.plist;
				INFOPLIST_KEY_UIApplicationSupportsIndirectInputEvents = YES;
				INFOPLIST_KEY_UILaunchStoryboardName = LaunchScreen;
				INFOPLIST_KEY_UIMainStoryboardFile = Main;
				INFOPLIST_KEY_UISupportedInterfaceOrientations_iPad = "UIInterfaceOrientationPortrait UIInterfaceOrientationPortraitUpsideDown UIInterfaceOrientationLandscapeLeft UIInterfaceOrientationLandscapeRight";
				INFOPLIST_KEY_UISupportedInterfaceOrientations_iPhone = "UIInterfaceOrientationPortrait UIInterfaceOrientationLandscapeLeft UIInterfaceOrientationLandscapeRight";
				IPHONEOS_DEPLOYMENT_TARGET = 14.0;
				LD_RUNPATH_SEARCH_PATHS = (
					"$(inherited)",
					"@executable_path/Frameworks",
				);
				MARKETING_VERSION = 1.0;
				PRODUCT_BUNDLE_IDENTIFIER = dev.shmilo.Spreadsheet;
				PRODUCT_NAME = "$(TARGET_NAME)";
				SUPPORTED_PLATFORMS = "iphoneos iphonesimulator";
				SUPPORTS_MACCATALYST = YES;
				SUPPORTS_MAC_DESIGNED_FOR_IPHONE_IPAD = NO;
				SWIFT_EMIT_LOC_STRINGS = YES;
				SWIFT_VERSION = 5.0;
				TARGETED_DEVICE_FAMILY = "1,2";
			};
			name = Debug;
		};
		2CCD17022B1868740041929F /* Release */ = {
			isa = XCBuildConfiguration;
			buildSettings = {
				ASSETCATALOG_COMPILER_APPICON_NAME = AppIcon;
				ASSETCATALOG_COMPILER_GLOBAL_ACCENT_COLOR_NAME = AccentColor;
				CODE_SIGN_ENTITLEMENTS = Spreadsheet/Spreadsheet.entitlements;
				CODE_SIGN_STYLE = Automatic;
				CURRENT_PROJECT_VERSION = 1;
				DEVELOPMENT_TEAM = ZJSZZS49UL;
				GENERATE_INFOPLIST_FILE = YES;
				INFOPLIST_FILE = Spreadsheet/Info.plist;
				INFOPLIST_KEY_UIApplicationSupportsIndirectInputEvents = YES;
				INFOPLIST_KEY_UILaunchStoryboardName = LaunchScreen;
				INFOPLIST_KEY_UIMainStoryboardFile = Main;
				INFOPLIST_KEY_UISupportedInterfaceOrientations_iPad = "UIInterfaceOrientationPortrait UIInterfaceOrientationPortraitUpsideDown UIInterfaceOrientationLandscapeLeft UIInterfaceOrientationLandscapeRight";
				INFOPLIST_KEY_UISupportedInterfaceOrientations_iPhone = "UIInterfaceOrientationPortrait UIInterfaceOrientationLandscapeLeft UIInterfaceOrientationLandscapeRight";
				IPHONEOS_DEPLOYMENT_TARGET = 14.0;
				LD_RUNPATH_SEARCH_PATHS = (
					"$(inherited)",
					"@executable_path/Frameworks",
				);
				MARKETING_VERSION = 1.0;
				PRODUCT_BUNDLE_IDENTIFIER = dev.shmilo.Spreadsheet;
				PRODUCT_NAME = "$(TARGET_NAME)";
				SUPPORTED_PLATFORMS = "iphoneos iphonesimulator";
				SUPPORTS_MACCATALYST = YES;
				SUPPORTS_MAC_DESIGNED_FOR_IPHONE_IPAD = NO;
				SWIFT_EMIT_LOC_STRINGS = YES;
				SWIFT_VERSION = 5.0;
				TARGETED_DEVICE_FAMILY = "1,2";
			};
			name = Release;
		};
/* End XCBuildConfiguration section */

/* Begin XCConfigurationList section */
		2CCD16E72B1868730041929F /* Build configuration list for PBXProject "Spreadsheet" */ = {
			isa = XCConfigurationList;
			buildConfigurations = (
				2CCD16FE2B1868740041929F /* Debug */,
				2CCD16FF2B1868740041929F /* Release */,
			);
			defaultConfigurationIsVisible = 0;
			defaultConfigurationName = Release;
		};
		2CCD17002B1868740041929F /* Build configuration list for PBXNativeTarget "Spreadsheet" */ = {
			isa = XCConfigurationList;
			buildConfigurations = (
				2CCD17012B1868740041929F /* Debug */,
				2CCD17022B1868740041929F /* Release */,
			);
			defaultConfigurationIsVisible = 0;
			defaultConfigurationName = Release;
		};
/* End XCConfigurationList section */
	};
	rootObject = 2CCD16E42B1868730041929F /* Project object */;
}
